
Microsoft Visual Studio Solution File, Format Version 12.00
# Visual Studio 2017
Project("{FAE04EC0-301F-11D3-BF4B-00C04F79EFBC}") = "git ATD", "git ATD.csproj", "{B8BC7B5D-E3EE-48B4-3E71-F402BA5EE995}"
EndProject
Project("{FAE04EC0-301F-11D3-BF4B-00C04F79EFBC}") = "git ATD.Editor", "git ATD.Editor.csproj", "{A2F3B930-E524-AB75-A2C8-808AF95455E3}"
EndProject
Global
	GlobalSection(SolutionConfigurationPlatforms) = preSolution
		Debug|Any CPU = Debug|Any CPU
		Release|Any CPU = Release|Any CPU
	EndGlobalSection
	GlobalSection(ProjectConfigurationPlatforms) = postSolution
		{B8BC7B5D-E3EE-48B4-3E71-F402BA5EE995}.Debug|Any CPU.ActiveCfg = Debug|Any CPU
		{B8BC7B5D-E3EE-48B4-3E71-F402BA5EE995}.Debug|Any CPU.Build.0 = Debug|Any CPU
		{B8BC7B5D-E3EE-48B4-3E71-F402BA5EE995}.Release|Any CPU.ActiveCfg = Release|Any CPU
		{B8BC7B5D-E3EE-48B4-3E71-F402BA5EE995}.Release|Any CPU.Build.0 = Release|Any CPU
		{A2F3B930-E524-AB75-A2C8-808AF95455E3}.Debug|Any CPU.ActiveCfg = Debug|Any CPU
		{A2F3B930-E524-AB75-A2C8-808AF95455E3}.Debug|Any CPU.Build.0 = Debug|Any CPU
		{A2F3B930-E524-AB75-A2C8-808AF95455E3}.Release|Any CPU.ActiveCfg = Release|Any CPU
		{A2F3B930-E524-AB75-A2C8-808AF95455E3}.Release|Any CPU.Build.0 = Release|Any CPU
	EndGlobalSection
	GlobalSection(SolutionProperties) = preSolution
		HideSolutionNode = FALSE
	EndGlobalSection
EndGlobal
